<?xml version="1.0" encoding="utf-8"?>
<Project ToolsVersion="4.0" xmlns="http://schemas.microsoft.com/developer/msbuild/2003">
  <ItemGroup>
    <Filter Include="CORE" />
    <Filter Include="FWLIB" />
    <Filter Include="FWLIB\inc" />
    <Filter Include="FWLIB\src" />
    <Filter Include="HARDWARE" />
    <Filter Include="HARDWARE\LED" />
    <Filter Include="SYSTEM" />
    <Filter Include="SYSTEM\delay" />
    <Filter Include="SYSTEM\sys" />
    <Filter Include="SYSTEM\usart" />
    <Filter Include="USER" />
  </ItemGroup>
  <ItemGroup>
    <ClCompile Include="CORE\startup_stm32f40_41xxx.s">
    <Filter>CORE</Filter>
    </ClCompile>
    <ClInclude Include="CORE\core_cm4.h">
    <Filter>CORE</Filter>
    </ClInclude>
    <ClInclude Include="CORE\core_cm4_simd.h">
    <Filter>CORE</Filter>
    </ClInclude>
    <ClInclude Include="CORE\core_cmFunc.h">
    <Filter>CORE</Filter>
    </ClInclude>
    <ClInclude Include="CORE\core_cmInstr.h">
    <Filter>CORE</Filter>
    </ClInclude>
    <ClInclude Include="FWLIB\inc\misc.h">
    <Filter>FWLIB\inc</Filter>
    </ClInclude>
    <ClInclude Include="FWLIB\inc\stm32f4xx_adc.h">
    <Filter>FWLIB\inc</Filter>
    </ClInclude>
    <ClInclude Include="FWLIB\inc\stm32f4xx_can.h">
    <Filter>FWLIB\inc</Filter>
    </ClInclude>
    <ClInclude Include="FWLIB\inc\stm32f4xx_crc.h">
    <Filter>FWLIB\inc</Filter>
    </ClInclude>
    <ClInclude Include="FWLIB\inc\stm32f4xx_cryp.h">
    <Filter>FWLIB\inc</Filter>
    </ClInclude>
    <ClInclude Include="FWLIB\inc\stm32f4xx_dac.h">
    <Filter>FWLIB\inc</Filter>
    </ClInclude>
    <ClInclude Include="FWLIB\inc\stm32f4xx_dbgmcu.h">
    <Filter>FWLIB\inc</Filter>
    </ClInclude>
    <ClInclude Include="FWLIB\inc\stm32f4xx_dcmi.h">
    <Filter>FWLIB\inc</Filter>
    </ClInclude>
    <ClInclude Include="FWLIB\inc\stm32f4xx_dma.h">
    <Filter>FWLIB\inc</Filter>
    </ClInclude>
    <ClInclude Include="FWLIB\inc\stm32f4xx_dma2d.h">
    <Filter>FWLIB\inc</Filter>
    </ClInclude>
    <ClInclude Include="FWLIB\inc\stm32f4xx_exti.h">
    <Filter>FWLIB\inc</Filter>
    </ClInclude>
    <ClInclude Include="FWLIB\inc\stm32f4xx_flash.h">
    <Filter>FWLIB\inc</Filter>
    </ClInclude>
    <ClInclude Include="FWLIB\inc\stm32f4xx_flash_ramfunc.h">
    <Filter>FWLIB\inc</Filter>
    </ClInclude>
    <ClInclude Include="FWLIB\inc\stm32f4xx_fmc.h">
    <Filter>FWLIB\inc</Filter>
    </ClInclude>
    <ClInclude Include="FWLIB\inc\stm32f4xx_fsmc.h">
    <Filter>FWLIB\inc</Filter>
    </ClInclude>
    <ClInclude Include="FWLIB\inc\stm32f4xx_gpio.h">
    <Filter>FWLIB\inc</Filter>
    </ClInclude>
    <ClInclude Include="FWLIB\inc\stm32f4xx_hash.h">
    <Filter>FWLIB\inc</Filter>
    </ClInclude>
    <ClInclude Include="FWLIB\inc\stm32f4xx_i2c.h">
    <Filter>FWLIB\inc</Filter>
    </ClInclude>
    <ClInclude Include="FWLIB\inc\stm32f4xx_iwdg.h">
    <Filter>FWLIB\inc</Filter>
    </ClInclude>
    <ClInclude Include="FWLIB\inc\stm32f4xx_ltdc.h">
    <Filter>FWLIB\inc</Filter>
    </ClInclude>
    <ClInclude Include="FWLIB\inc\stm32f4xx_pwr.h">
    <Filter>FWLIB\inc</Filter>
    </ClInclude>
    <ClInclude Include="FWLIB\inc\stm32f4xx_rcc.h">
    <Filter>FWLIB\inc</Filter>
    </ClInclude>
    <ClInclude Include="FWLIB\inc\stm32f4xx_rng.h">
    <Filter>FWLIB\inc</Filter>
    </ClInclude>
    <ClInclude Include="FWLIB\inc\stm32f4xx_rtc.h">
    <Filter>FWLIB\inc</Filter>
    </ClInclude>
    <ClInclude Include="FWLIB\inc\stm32f4xx_sai.h">
    <Filter>FWLIB\inc</Filter>
    </ClInclude>
    <ClInclude Include="FWLIB\inc\stm32f4xx_sdio.h">
    <Filter>FWLIB\inc</Filter>
    </ClInclude>
    <ClInclude Include="FWLIB\inc\stm32f4xx_spi.h">
    <Filter>FWLIB\inc</Filter>
    </ClInclude>
    <ClInclude Include="FWLIB\inc\stm32f4xx_syscfg.h">
    <Filter>FWLIB\inc</Filter>
    </ClInclude>
    <ClInclude Include="FWLIB\inc\stm32f4xx_tim.h">
    <Filter>FWLIB\inc</Filter>
    </ClInclude>
    <ClInclude Include="FWLIB\inc\stm32f4xx_usart.h">
    <Filter>FWLIB\inc</Filter>
    </ClInclude>
    <ClInclude Include="FWLIB\inc\stm32f4xx_wwdg.h">
    <Filter>FWLIB\inc</Filter>
    </ClInclude>
    <ClCompile Include="FWLIB\src\misc.c">
    <Filter>FWLIB\src</Filter>
    </ClCompile>
    <ClCompile Include="FWLIB\src\stm32f4xx_adc.c">
    <Filter>FWLIB\src</Filter>
    </ClCompile>
    <ClCompile Include="FWLIB\src\stm32f4xx_can.c">
    <Filter>FWLIB\src</Filter>
    </ClCompile>
    <ClCompile Include="FWLIB\src\stm32f4xx_crc.c">
    <Filter>FWLIB\src</Filter>
    </ClCompile>
    <ClCompile Include="FWLIB\src\stm32f4xx_cryp.c">
    <Filter>FWLIB\src</Filter>
    </ClCompile>
    <ClCompile Include="FWLIB\src\stm32f4xx_cryp_aes.c">
    <Filter>FWLIB\src</Filter>
    </ClCompile>
    <ClCompile Include="FWLIB\src\stm32f4xx_cryp_des.c">
    <Filter>FWLIB\src</Filter>
    </ClCompile>
    <ClCompile Include="FWLIB\src\stm32f4xx_cryp_tdes.c">
    <Filter>FWLIB\src</Filter>
    </ClCompile>
    <ClCompile Include="FWLIB\src\stm32f4xx_dac.c">
    <Filter>FWLIB\src</Filter>
    </ClCompile>
    <ClCompile Include="FWLIB\src\stm32f4xx_dbgmcu.c">
    <Filter>FWLIB\src</Filter>
    </ClCompile>
    <ClCompile Include="FWLIB\src\stm32f4xx_dcmi.c">
    <Filter>FWLIB\src</Filter>
    </ClCompile>
    <ClCompile Include="FWLIB\src\stm32f4xx_dma.c">
    <Filter>FWLIB\src</Filter>
    </ClCompile>
    <ClCompile Include="FWLIB\src\stm32f4xx_dma2d.c">
    <Filter>FWLIB\src</Filter>
    </ClCompile>
    <ClCompile Include="FWLIB\src\stm32f4xx_exti.c">
    <Filter>FWLIB\src</Filter>
    </ClCompile>
    <ClCompile Include="FWLIB\src\stm32f4xx_flash.c">
    <Filter>FWLIB\src</Filter>
    </ClCompile>
    <ClCompile Include="FWLIB\src\stm32f4xx_flash_ramfunc.c">
    <Filter>FWLIB\src</Filter>
    </ClCompile>
    <ClCompile Include="FWLIB\src\stm32f4xx_fmc.c">
    <Filter>FWLIB\src</Filter>
    </ClCompile>
    <ClCompile Include="FWLIB\src\stm32f4xx_fsmc.c">
    <Filter>FWLIB\src</Filter>
    </ClCompile>
    <ClCompile Include="FWLIB\src\stm32f4xx_gpio.c">
    <Filter>FWLIB\src</Filter>
    </ClCompile>
    <ClCompile Include="FWLIB\src\stm32f4xx_hash.c">
    <Filter>FWLIB\src</Filter>
    </ClCompile>
    <ClCompile Include="FWLIB\src\stm32f4xx_hash_md5.c">
    <Filter>FWLIB\src</Filter>
    </ClCompile>
    <ClCompile Include="FWLIB\src\stm32f4xx_hash_sha1.c">
    <Filter>FWLIB\src</Filter>
    </ClCompile>
    <ClCompile Include="FWLIB\src\stm32f4xx_i2c.c">
    <Filter>FWLIB\src</Filter>
    </ClCompile>
    <ClCompile Include="FWLIB\src\stm32f4xx_iwdg.c">
    <Filter>FWLIB\src</Filter>
    </ClCompile>
    <ClCompile Include="FWLIB\src\stm32f4xx_ltdc.c">
    <Filter>FWLIB\src</Filter>
    </ClCompile>
    <ClCompile Include="FWLIB\src\stm32f4xx_pwr.c">
    <Filter>FWLIB\src</Filter>
    </ClCompile>
    <ClCompile Include="FWLIB\src\stm32f4xx_rcc.c">
    <Filter>FWLIB\src</Filter>
    </ClCompile>
    <ClCompile Include="FWLIB\src\stm32f4xx_rng.c">
    <Filter>FWLIB\src</Filter>
    </ClCompile>
    <ClCompile Include="FWLIB\src\stm32f4xx_rtc.c">
    <Filter>FWLIB\src</Filter>
    </ClCompile>
    <ClCompile Include="FWLIB\src\stm32f4xx_sai.c">
    <Filter>FWLIB\src</Filter>
    </ClCompile>
    <ClCompile Include="FWLIB\src\stm32f4xx_sdio.c">
    <Filter>FWLIB\src</Filter>
    </ClCompile>
    <ClCompile Include="FWLIB\src\stm32f4xx_spi.c">
    <Filter>FWLIB\src</Filter>
    </ClCompile>
    <ClCompile Include="FWLIB\src\stm32f4xx_syscfg.c">
    <Filter>FWLIB\src</Filter>
    </ClCompile>
    <ClCompile Include="FWLIB\src\stm32f4xx_tim.c">
    <Filter>FWLIB\src</Filter>
    </ClCompile>
    <ClCompile Include="FWLIB\src\stm32f4xx_usart.c">
    <Filter>FWLIB\src</Filter>
    </ClCompile>
    <ClCompile Include="FWLIB\src\stm32f4xx_wwdg.c">
    <Filter>FWLIB\src</Filter>
    </ClCompile>
    <ClCompile Include="HARDWARE\LED\led.c">
    <Filter>HARDWARE\LED</Filter>
    </ClCompile>
    <ClInclude Include="HARDWARE\LED\led.h">
    <Filter>HARDWARE\LED</Filter>
    </ClInclude>
    <ClCompile Include="SYSTEM\delay\delay.c">
    <Filter>SYSTEM\delay</Filter>
    </ClCompile>
    <ClInclude Include="SYSTEM\delay\delay.h">
    <Filter>SYSTEM\delay</Filter>
    </ClInclude>
    <ClCompile Include="SYSTEM\sys\sys.c">
    <Filter>SYSTEM\sys</Filter>
    </ClCompile>
    <ClInclude Include="SYSTEM\sys\sys.h">
    <Filter>SYSTEM\sys</Filter>
    </ClInclude>
    <ClCompile Include="SYSTEM\usart\usart.c">
    <Filter>SYSTEM\usart</Filter>
    </ClCompile>
    <ClInclude Include="SYSTEM\usart\usart.h">
    <Filter>SYSTEM\usart</Filter>
    </ClInclude>
    <ClCompile Include="USER\main.c">
    <Filter>USER</Filter>
    </ClCompile>
    <ClCompile Include="USER\stm32f4xx_it.c">
    <Filter>USER</Filter>
    </ClCompile>
    <ClCompile Include="USER\system_stm32f4xx.c">
    <Filter>USER</Filter>
    </ClCompile>
    <ClInclude Include="USER\stm32f4xx.h">
    <Filter>USER</Filter>
    </ClInclude>
    <ClInclude Include="USER\stm32f4xx_conf.h">
    <Filter>USER</Filter>
    </ClInclude>
    <ClInclude Include="USER\stm32f4xx_it.h">
    <Filter>USER</Filter>
    </ClInclude>
    <ClInclude Include="USER\system_stm32f4xx.h">
    <Filter>USER</Filter>
    </ClInclude>
  </ItemGroup>
</Project>